
Microsoft Visual Studio Solution File, Format Version 12.00
# Visual Studio Version 17
VisualStudioVersion = 17.14.36414.22
MinimumVisualStudioVersion = 10.0.40219.1
Project("{FAE04EC0-301F-11D3-BF4B-00C04F79EFBC}") = "MiniLibrary", "MiniLibrary.csproj", "{22713821-5C1F-4C74-95EF-846FA1716F94}"
EndProject
Project("{FAE04EC0-301F-11D3-BF4B-00C04F79EFBC}") = "MiniLibraryClient", "MiniLibraryClient\MiniLibraryClient.csproj", "{68763394-FCAB-4A77-A24A-871672BCD232}"
EndProject
Global
	GlobalSection(SolutionConfigurationPlatforms) = preSolution
		Debug|Any CPU = Debug|Any CPU
		Release|Any CPU = Release|Any CPU
	EndGlobalSection
	GlobalSection(ProjectConfigurationPlatforms) = postSolution
		{22713821-5C1F-4C74-95EF-846FA1716F94}.Debug|Any CPU.ActiveCfg = Debug|Any CPU
		{22713821-5C1F-4C74-95EF-846FA1716F94}.Debug|Any CPU.Build.0 = Debug|Any CPU
		{22713821-5C1F-4C74-95EF-846FA1716F94}.Release|Any CPU.ActiveCfg = Release|Any CPU
		{22713821-5C1F-4C74-95EF-846FA1716F94}.Release|Any CPU.Build.0 = Release|Any CPU
		{68763394-FCAB-4A77-A24A-871672BCD232}.Debug|Any CPU.ActiveCfg = Debug|Any CPU
		{68763394-FCAB-4A77-A24A-871672BCD232}.Debug|Any CPU.Build.0 = Debug|Any CPU
		{68763394-FCAB-4A77-A24A-871672BCD232}.Release|Any CPU.ActiveCfg = Release|Any CPU
		{68763394-FCAB-4A77-A24A-871672BCD232}.Release|Any CPU.Build.0 = Release|Any CPU
	EndGlobalSection
	GlobalSection(SolutionProperties) = preSolution
		HideSolutionNode = FALSE
	EndGlobalSection
	GlobalSection(ExtensibilityGlobals) = postSolution
		SolutionGuid = {7057975F-DD24-409D-B545-CBBCFBEEFE74}
	EndGlobalSection
EndGlobal
